# THIS IS AN AUTOGENERATED FILE. DO NOT EDIT THIS FILE DIRECTLY.
# yarn lockfile v1


"@client-side-validations/client-side-validations@^0.1.5":
  version "0.1.5"
  resolved "https://registry.yarnpkg.com/@client-side-validations/client-side-validations/-/client-side-validations-0.1.5.tgz#64862187f640c07361cb1bbe3e501018543c335b"
  integrity sha512-DSi69S1BlU3KE+DxiehDDqqeOH561+BJhEMkl7vbu2DgR3XynaWm/Wg1DdyP+CMUOm1UfbAHGCeiIr2dhMnPfA==

"@client-side-validations/simple-form@^0.2.0":
  version "0.2.0"
  resolved "https://registry.yarnpkg.com/@client-side-validations/simple-form/-/simple-form-0.2.0.tgz#5ad72d51775715f038bdc7913504dbe0c2ba7f23"
  integrity sha512-Knnd1pLvNtQkMGsZNkS8kJ/TNCFR2vhO5ZvoDumdrCVCXNnVMkNgdckwQIopMlHSalI45VVlZVay5V8pvX3XiQ==

"@fortawesome/fontawesome-free@^5.14.0":
  version "5.14.0"
  resolved "https://registry.yarnpkg.com/@fortawesome/fontawesome-free/-/fontawesome-free-5.14.0.tgz#a371e91029ebf265015e64f81bfbf7d228c9681f"
  integrity sha512-OfdMsF+ZQgdKHP9jUbmDcRrP0eX90XXrsXIdyjLbkmSBzmMXPABB8eobUJtivaupucYaByz6WNe1PI1JuYm3qA==

"@popperjs/core@2.6.0":
  version "2.6.0"
  resolved "https://registry.yarnpkg.com/@popperjs/core/-/core-2.6.0.tgz#f022195afdfc942e088ee2101285a1d31c7d727f"
  integrity sha512-cPqjjzuFWNK3BSKLm0abspP0sp/IGOli4p5I5fKFAzdS8fvjdOwDCfZqAaIiXd9lPkOWi3SUUfZof3hEb7J/uw==

"@popperjs/core@^2.4.4":
  version "2.4.4"
  resolved "https://registry.yarnpkg.com/@popperjs/core/-/core-2.4.4.tgz#11d5db19bd178936ec89cd84519c4de439574398"
  integrity sha512-1oO6+dN5kdIA3sKPZhRGJTfGVP4SWV6KqlMOwry4J3HfyD68sl/3KmG7DeYUzvN+RbhXDnv/D8vNNB8168tAMg==

"@ttskch/select2-bootstrap4-theme@^1.5.2":
  version "1.5.2"
  resolved "https://registry.yarnpkg.com/@ttskch/select2-bootstrap4-theme/-/select2-bootstrap4-theme-1.5.2.tgz#3b4519b349f3e7831c28752a1e9617312a192656"
  integrity sha512-gAj8qNy/VYwQDBkACm0USM66kxFai8flX83ayRXPNhzZckEgSqIBB9sM74SCM3ssgeX+ZVy4BifTnLis+KpIyg==

bootstrap@5.0.0-beta2:
  version "5.0.0-beta2"
  resolved "https://registry.yarnpkg.com/bootstrap/-/bootstrap-5.0.0-beta2.tgz#ab1504a12807fa58e5e41408e35fcea42461e84b"
  integrity sha512-e+uPbPHqTQWKyCX435uVlOmgH9tUt0xtjvyOC7knhKgOS643BrQKuTo+KecGpPV7qlmOyZgCfaM4xxPWtDEN/g==

desandro-matches-selector@^2.0.0:
  version "2.0.2"
  resolved "https://registry.yarnpkg.com/desandro-matches-selector/-/desandro-matches-selector-2.0.2.tgz#717beed4dc13e7d8f3762f707a6d58a6774218e1"
  integrity sha1-cXvu1NwT59jzdi9wem1YpndCGOE=

dropzone@^5.8.1:
  version "5.8.1"
  resolved "https://registry.yarnpkg.com/dropzone/-/dropzone-5.8.1.tgz#03c542eb39eb67a166ed562cbb5e5b29cf7a365d"
  integrity sha512-1upO44M5CEV5ZNd+HBZ38ziUvlZbMweT8IJsKOYKPALXYk7II5hwvFmy+ggWpyRQYnAKjd3/VJ5ffd9fM+TX3w==

ev-emitter@^1.0.0:
  version "1.1.1"
  resolved "https://registry.yarnpkg.com/ev-emitter/-/ev-emitter-1.1.1.tgz#8f18b0ce5c76a5d18017f71c0a795c65b9138f2a"
  integrity sha512-ipiDYhdQSCZ4hSbX4rMW+XzNKMD1prg/sTvoVmSLkuQ1MVlwjJQQA+sW8tMYR3BLUr9KjodFV4pvzunvRhd33Q==

fizzy-ui-utils@^2.0.0:
  version "2.0.7"
  resolved "https://registry.yarnpkg.com/fizzy-ui-utils/-/fizzy-ui-utils-2.0.7.tgz#7df45dcc4eb374a08b65d39bb9a4beedf7330505"
  integrity sha512-CZXDVXQ1If3/r8s0T+v+qVeMshhfcuq0rqIFgJnrtd+Bu8GmDmqMjntjUePypVtjHXKJ6V4sw9zeyox34n9aCg==
  dependencies:
    desandro-matches-selector "^2.0.0"

froala-editor@^3.2.6-1:
  version "3.2.6-1"
  resolved "https://registry.yarnpkg.com/froala-editor/-/froala-editor-3.2.6-1.tgz#b03feb2b076bc14b8f969a041e4122aab0eb29b3"
  integrity sha512-PfUi3KwtYqPE9/fRJBhUAjOffUmVt2Bgd9XL1dcWkEZ9vgLaxQLau721xSy9tsZGc43GYoIlDo1jj9Mmdo3cDw==

get-size@^2.0.2:
  version "2.0.3"
  resolved "https://registry.yarnpkg.com/get-size/-/get-size-2.0.3.tgz#54a1d0256b20ea7ac646516756202769941ad2ef"
  integrity sha512-lXNzT/h/dTjTxRbm9BXb+SGxxzkm97h/PCIKtlN/CBCxxmkkIVV21udumMS93MuVTDX583gqc94v3RjuHmI+2Q==

jquery@^3.5.1:
  version "3.5.1"
  resolved "https://registry.yarnpkg.com/jquery/-/jquery-3.5.1.tgz#d7b4d08e1bfdb86ad2f1a3d039ea17304717abb5"
  integrity sha512-XwIBPqcMn57FxfT+Go5pzySnm4KWkT1Tv7gjrpT1srtf8Weynl6R273VJ5GjkRb51IzMp5nbaPjJXMWeju2MKg==

masonry-layout@^4.2.2:
  version "4.2.2"
  resolved "https://registry.yarnpkg.com/masonry-layout/-/masonry-layout-4.2.2.tgz#d57b44af13e601bfcdc423f1dd8348b5524de348"
  integrity sha512-iGtAlrpHNyxaR19CvKC3npnEcAwszXoyJiI8ARV2ePi7fmYhIud25MHK8Zx4P0LCC4d3TNO9+rFa1KoK1OEOaA==
  dependencies:
    get-size "^2.0.2"
    outlayer "^2.1.0"

material-icons@^0.3.1:
  version "0.3.1"
  resolved "https://registry.yarnpkg.com/material-icons/-/material-icons-0.3.1.tgz#425e06e2448632d6249d6e1ffe2993682c5b171e"
  integrity sha512-5Hbj76A6xDPcDZEbM4oxTknhWuMwGWnAHVLLPCEq9eVlcHb0fn4koU9ZeyMy1wjARtDEPAHfd5ZdL2Re5hf0zQ==

notyf@^3.9.0:
  version "3.9.0"
  resolved "https://registry.yarnpkg.com/notyf/-/notyf-3.9.0.tgz#012a83d989a5017c9a37c23372ee20f78d8b33ba"
  integrity sha512-3zqV/AuP8w5OpPhUElsLte1BFfL42tswMZM5Ya24w7GozMsQTJRYsQQgqmA9oylDL3t5TE7F4rP3ZGM6JfaKOQ==

outlayer@^2.1.0:
  version "2.1.1"
  resolved "https://registry.yarnpkg.com/outlayer/-/outlayer-2.1.1.tgz#29863b6de10ea5dadfffcadfa0d728907387e9a2"
  integrity sha1-KYY7beEOpdrf/8rfoNcokHOH6aI=
  dependencies:
    ev-emitter "^1.0.0"
    fizzy-ui-utils "^2.0.0"
    get-size "^2.0.2"

popper.js@^1.16.1:
  version "1.16.1"
  resolved "https://registry.yarnpkg.com/popper.js/-/popper.js-1.16.1.tgz#2a223cb3dc7b6213d740e40372be40de43e65b1b"
  integrity sha512-Wb4p1J4zyFTbM+u6WuO4XstYx4Ky9Cewe4DWrel7B0w6VVICvPwdOpotjzcf6eD8TsckVnIMNONQyPIUFOUbCQ==

select2@4.0.13:
  version "4.0.13"
  resolved "https://registry.yarnpkg.com/select2/-/select2-4.0.13.tgz#0dbe377df3f96167c4c1626033e924372d8ef44d"
  integrity sha512-1JeB87s6oN/TDxQQYCvS5EFoQyvV6eYMZZ0AeA4tdFDYWN3BAGZ8npr17UBFddU0lgAt3H0yjX3X6/ekOj1yjw==

tippy.js@^6.2.5:
  version "6.2.5"
  resolved "https://registry.yarnpkg.com/tippy.js/-/tippy.js-6.2.5.tgz#5335e28228af5e22c524fe5e8a94654514f34b92"
  integrity sha512-UIf8G99PMXGmdWPrr36s/DjQBdfxMPwzvPUXsxs3tDFDTZ1SgvKG+Jvt6RJ+aBqYL0oe/STxh3MNkCV3IWAKmw==
  dependencies:
    "@popperjs/core" "^2.4.4"
